
Microsoft Visual Studio Solution File, Format Version 12.00
# Visual Studio Version 16
VisualStudioVersion = 16.0.31005.135
MinimumVisualStudioVersion = 10.0.40219.1
Project("{FAE04EC0-301F-11D3-BF4B-00C04F79EFBC}") = "sales-system", "sales-system\sales-system.csproj", "{888D06FE-B020-4E63-8806-BE3420D3C0EC}"
EndProject
Global
	GlobalSection(SolutionConfigurationPlatforms) = preSolution
		Debug|Any CPU = Debug|Any CPU
		Release|Any CPU = Release|Any CPU
	EndGlobalSection
	GlobalSection(ProjectConfigurationPlatforms) = postSolution
		{888D06FE-B020-4E63-8806-BE3420D3C0EC}.Debug|Any CPU.ActiveCfg = Debug|Any CPU
		{888D06FE-B020-4E63-8806-BE3420D3C0EC}.Debug|Any CPU.Build.0 = Debug|Any CPU
		{888D06FE-B020-4E63-8806-BE3420D3C0EC}.Release|Any CPU.ActiveCfg = Release|Any CPU
		{888D06FE-B020-4E63-8806-BE3420D3C0EC}.Release|Any CPU.Build.0 = Release|Any CPU
	EndGlobalSection
	GlobalSection(SolutionProperties) = preSolution
		HideSolutionNode = FALSE
	EndGlobalSection
	GlobalSection(ExtensibilityGlobals) = postSolution
		SolutionGuid = {C2F9B1C9-108C-42FF-9446-D2F490E7DB80}
	EndGlobalSection
EndGlobal
